PODS:
  - IQKeyboardManagerSwift (6.5.6)
  - RZPaas_iOS (1.1.0)
  - RZPaas_macOS (1.1.0)
  - SnapKit (5.0.1)

DEPENDENCIES:
  - IQKeyboardManagerSwift (~> 6.5.6)
  - RZPaas_iOS
  - RZPaas_macOS
  - SnapKit (~> 5.0.0)

SPEC REPOS:
  trunk:
    - IQKeyboardManagerSwift
    - RZPaas_iOS
    - RZPaas_macOS
    - SnapKit

SPEC CHECKSUMS:
  IQKeyboardManagerSwift: c7df9d2deb356c04522f5c4b7b6e4ce4d8ed94fe
  RZPaas_iOS: 317424cff3cefc9397ed66900224b9653ca0101a
  RZPaas_macOS: a433098291df04f244797efd63c609a303932747
  SnapKit: 97b92857e3df3a0c71833cce143274bf6ef8e5eb

PODFILE CHECKSUM: 948a6ac31f3e74a1d64189d201562c917b8b369b

COCOAPODS: 1.10.0
